
Microsoft Visual Studio Solution File, Format Version 12.00
# Visual Studio 15
VisualStudioVersion = 15.0.28307.271
MinimumVisualStudioVersion = 10.0.40219.1
Project("{FAE04EC0-301F-11D3-BF4B-00C04F79EFBC}") = "Lab2", "Lab2\Lab2.csproj", "{10DF2C48-9A12-4C8A-AE69-F1C6A48EEF15}"
EndProject
Global
	GlobalSection(SolutionConfigurationPlatforms) = preSolution
		Debug|Any CPU = Debug|Any CPU
		Release|Any CPU = Release|Any CPU
	EndGlobalSection
	GlobalSection(ProjectConfigurationPlatforms) = postSolution
		{10DF2C48-9A12-4C8A-AE69-F1C6A48EEF15}.Debug|Any CPU.ActiveCfg = Debug|Any CPU
		{10DF2C48-9A12-4C8A-AE69-F1C6A48EEF15}.Debug|Any CPU.Build.0 = Debug|Any CPU
		{10DF2C48-9A12-4C8A-AE69-F1C6A48EEF15}.Release|Any CPU.ActiveCfg = Release|Any CPU
		{10DF2C48-9A12-4C8A-AE69-F1C6A48EEF15}.Release|Any CPU.Build.0 = Release|Any CPU
	EndGlobalSection
	GlobalSection(SolutionProperties) = preSolution
		HideSolutionNode = FALSE
	EndGlobalSection
	GlobalSection(ExtensibilityGlobals) = postSolution
		SolutionGuid = {BE0425A1-E21D-42DB-80CB-913CA9949CD2}
	EndGlobalSection
EndGlobal
